
Microsoft Visual Studio Solution File, Format Version 12.00
# Visual Studio Version 17
VisualStudioVersion = 17.8.34322.80
MinimumVisualStudioVersion = 10.0.40219.1
Project("{9A19103F-16F7-4668-BE54-9A1E7A4F7556}") = "OrderServiceGrpcServer", "OrderServiceGrpcServer\OrderServiceGrpcServer.csproj", "{523E2DD1-EE7C-4251-8B97-BDD6471BA18E}"
EndProject
Project("{FAE04EC0-301F-11D3-BF4B-00C04F79EFBC}") = "NotificationService1", "NotificationService1\NotificationService1.csproj", "{3521762D-62D4-4C31-9DD8-2658C323A196}"
EndProject
Project("{FAE04EC0-301F-11D3-BF4B-00C04F79EFBC}") = "NotificationService2", "NotificationService2\NotificationService2.csproj", "{3945EC21-6EF9-484A-AED6-D9B0CD59CCEA}"
EndProject
Global
	GlobalSection(SolutionConfigurationPlatforms) = preSolution
		Debug|Any CPU = Debug|Any CPU
		Release|Any CPU = Release|Any CPU
	EndGlobalSection
	GlobalSection(ProjectConfigurationPlatforms) = postSolution
		{523E2DD1-EE7C-4251-8B97-BDD6471BA18E}.Debug|Any CPU.ActiveCfg = Debug|Any CPU
		{523E2DD1-EE7C-4251-8B97-BDD6471BA18E}.Debug|Any CPU.Build.0 = Debug|Any CPU
		{523E2DD1-EE7C-4251-8B97-BDD6471BA18E}.Release|Any CPU.ActiveCfg = Release|Any CPU
		{523E2DD1-EE7C-4251-8B97-BDD6471BA18E}.Release|Any CPU.Build.0 = Release|Any CPU
		{3521762D-62D4-4C31-9DD8-2658C323A196}.Debug|Any CPU.ActiveCfg = Debug|Any CPU
		{3521762D-62D4-4C31-9DD8-2658C323A196}.Debug|Any CPU.Build.0 = Debug|Any CPU
		{3521762D-62D4-4C31-9DD8-2658C323A196}.Release|Any CPU.ActiveCfg = Release|Any CPU
		{3521762D-62D4-4C31-9DD8-2658C323A196}.Release|Any CPU.Build.0 = Release|Any CPU
		{3945EC21-6EF9-484A-AED6-D9B0CD59CCEA}.Debug|Any CPU.ActiveCfg = Debug|Any CPU
		{3945EC21-6EF9-484A-AED6-D9B0CD59CCEA}.Debug|Any CPU.Build.0 = Debug|Any CPU
		{3945EC21-6EF9-484A-AED6-D9B0CD59CCEA}.Release|Any CPU.ActiveCfg = Release|Any CPU
		{3945EC21-6EF9-484A-AED6-D9B0CD59CCEA}.Release|Any CPU.Build.0 = Release|Any CPU
	EndGlobalSection
	GlobalSection(SolutionProperties) = preSolution
		HideSolutionNode = FALSE
	EndGlobalSection
	GlobalSection(ExtensibilityGlobals) = postSolution
		SolutionGuid = {EC55C354-5CA2-4AA8-A418-2D709FA5D383}
	EndGlobalSection
EndGlobal
